// !$*UTF8*$!
{
	archiveVersion = 1;
	classes = {
	};
	objectVersion = 77;
	objects = {

/* Begin PBXBuildFile section */
		095689B09DB40C4456C60B42 /* NotificationManagerTests.swift in Sources */ = {isa = PBXBuildFile; fileRef = 9FB3E3E41301D3E58784D1F2 /* NotificationManagerTests.swift */; };
		09DB9D8D9FE06D223E500FC2 /* Assignment.swift in Sources */ = {isa = PBXBuildFile; fileRef = 9BAC72A5E8C5C9C98DB0E530 /* Assignment.swift */; };
		0FBF05261617D7F0DDEDEA83 /* AssignmentTests.swift in Sources */ = {isa = PBXBuildFile; fileRef = FFC188B2D03EE9ABC97A6DE2 /* AssignmentTests.swift */; };
		19D2234BFD480A200DA50D97 /* DeepLinkRouter.swift in Sources */ = {isa = PBXBuildFile; fileRef = 876CEB8ABDA521E84335B573 /* DeepLinkRouter.swift */; };
		1C625FF3618F55454B6F1317 /* WaniKaniUITestsLaunchTests.swift in Sources */ = {isa = PBXBuildFile; fileRef = B9D0E35C19A3521259266C18 /* WaniKaniUITestsLaunchTests.swift */; };
		1DCFDC9BF11E889DCA47DD42 /* GreasyForkAPI.swift in Sources */ = {isa = PBXBuildFile; fileRef = C1CF4BE28532933945EC0DE2 /* GreasyForkAPI.swift */; };
		20393497078F7C31A958C1A6 /* WaniKaniApp.swift in Sources */ = {isa = PBXBuildFile; fileRef = 2B6CA3E69475A9B0B9E256BE /* WaniKaniApp.swift */; };
		24D573A79A4B3430B2439E1C /* DashboardWebView.swift in Sources */ = {isa = PBXBuildFile; fileRef = E272CAE29890130A6B01A45F /* DashboardWebView.swift */; };
		2935384119DB6EEDF7BD3081 /* Config.swift in Sources */ = {isa = PBXBuildFile; fileRef = F34F977074FFEE960651489B /* Config.swift */; };
		2B3C205798811040D07EC4EB /* PersistenceModels.swift in Sources */ = {isa = PBXBuildFile; fileRef = 67C70EB45D9DC72EE315BACF /* PersistenceModels.swift */; };
		2C5C77AB8CCB88A9760DD3B4 /* SummaryTests.swift in Sources */ = {isa = PBXBuildFile; fileRef = 8D99334153FA9E6EC8ADB1ED /* SummaryTests.swift */; };
		37A470789033246FAB1C6EED /* NativeRootView.swift in Sources */ = {isa = PBXBuildFile; fileRef = 4FEF94381957891EDD09FB45 /* NativeRootView.swift */; };
		38FE7DF64EE5AEFF5D8F6026 /* AppState.swift in Sources */ = {isa = PBXBuildFile; fileRef = DB802A3658E4076386B8FB09 /* AppState.swift */; };
		3E72212A702F5FA2700A1554 /* Subject.swift in Sources */ = {isa = PBXBuildFile; fileRef = D000CD07D4B7DB4BACA9B815 /* Subject.swift */; };
		4228AF94EA699C228F3F8313 /* NativeReviewsView.swift in Sources */ = {isa = PBXBuildFile; fileRef = 0B0525B3F1A77B7596C91114 /* NativeReviewsView.swift */; };
		47FAA2C53AD5F6CA2A295541 /* WaniKaniCore.framework in Embed Frameworks */ = {isa = PBXBuildFile; fileRef = DB00719B1B369C75C0818BD8 /* WaniKaniCore.framework */; settings = {ATTRIBUTES = (CodeSignOnCopy, RemoveHeadersOnCopy, ); }; };
		4A7FBEEC533844D2E108B933 /* TestHelpers.swift in Sources */ = {isa = PBXBuildFile; fileRef = 9E44880657D0A847E3F0B6D3 /* TestHelpers.swift */; };
		4FF56A98364FE92D9BF9CBBC /* SRSStateMachineTests.swift in Sources */ = {isa = PBXBuildFile; fileRef = 90957C7105A64846D21E4864 /* SRSStateMachineTests.swift */; };
		5195D7B88DB57DA56644F93B /* WebViewContainer.swift in Sources */ = {isa = PBXBuildFile; fileRef = 613FAD1EF7DA1ABFEFC3E285 /* WebViewContainer.swift */; };
		580DE586200D655B67E43D65 /* SubjectTests.swift in Sources */ = {isa = PBXBuildFile; fileRef = 01DCA18EB806BA0F637D203E /* SubjectTests.swift */; };
		5AF8624906289788360C699C /* Review.swift in Sources */ = {isa = PBXBuildFile; fileRef = 7884806C7B4A1872146CF102 /* Review.swift */; };
		5D657103CDE7AF242B5ABCC3 /* SRSStateMachine.swift in Sources */ = {isa = PBXBuildFile; fileRef = 0C67F8B4B3A98CF1F6F85D9C /* SRSStateMachine.swift */; };
		640DEA3887182A757F8D9058 /* OfflineHandler.swift in Sources */ = {isa = PBXBuildFile; fileRef = F60593EF271629F9D1284760 /* OfflineHandler.swift */; };
		682C586E1FF929E8681B42AB /* ContentView.swift in Sources */ = {isa = PBXBuildFile; fileRef = DE5870BD49703DACC1F56DDE /* ContentView.swift */; };
		6D0804B66F7904701261021E /* ScriptInjector.swift in Sources */ = {isa = PBXBuildFile; fileRef = 64F4AD9FD4A228F7582F3FA0 /* ScriptInjector.swift */; };
		765143DD9112B00AE8133588 /* LoginWebView.swift in Sources */ = {isa = PBXBuildFile; fileRef = B2FB71ADC8F00B48D875926F /* LoginWebView.swift */; };
		76AA6BF02A35B5E7C16EAE21 /* PreferencesManagerTests.swift in Sources */ = {isa = PBXBuildFile; fileRef = 8B044FF7E9102B1B48140925 /* PreferencesManagerTests.swift */; };
		78398425C0451FE6FEDCE018 /* NotificationManager.swift in Sources */ = {isa = PBXBuildFile; fileRef = 4FB69FCD435DCF8A04292BE0 /* NotificationManager.swift */; };
		78FF39DB176FB8520B1788FB /* NetworkClientTests.swift in Sources */ = {isa = PBXBuildFile; fileRef = A007A36B143AC6FF95E6D74A /* NetworkClientTests.swift */; };
		7A05A034E5D3EF8995DEEC45 /* MarketplaceWebView.swift in Sources */ = {isa = PBXBuildFile; fileRef = 84D470A4196A71B08C76E612 /* MarketplaceWebView.swift */; };
		7C1ACE1C9E3AF8BEE8DA8D05 /* ForumsWebView.swift in Sources */ = {isa = PBXBuildFile; fileRef = 90F1057243CA8E1618D2D028 /* ForumsWebView.swift */; };
		7D92408426AF191D6CCD3B71 /* WaniKaniCore.framework in Embed Frameworks */ = {isa = PBXBuildFile; fileRef = DB00719B1B369C75C0818BD8 /* WaniKaniCore.framework */; settings = {ATTRIBUTES = (CodeSignOnCopy, RemoveHeadersOnCopy, ); }; };
		7FF8F4DAA6E705F8CDEC1171 /* WebViewRootView.swift in Sources */ = {isa = PBXBuildFile; fileRef = AD4D66C0006F686B9785C6EC /* WebViewRootView.swift */; };
		801BAADA11DD0C00BAC24114 /* StatisticsWebView.swift in Sources */ = {isa = PBXBuildFile; fileRef = 96E86A0522742F6C5BCB7A11 /* StatisticsWebView.swift */; };
		819286D1220BF2B80CD711F7 /* PersistenceManagerTests.swift in Sources */ = {isa = PBXBuildFile; fileRef = 7FAE32E5E5276E88EBE9B113 /* PersistenceManagerTests.swift */; };
		864F6AA65474B7563D8475DB /* Summary.swift in Sources */ = {isa = PBXBuildFile; fileRef = E69CF0A9847A539C639ED383 /* Summary.swift */; };
		8ADAB45B81156C6AFAE8C0EB /* MarketplaceViewModel.swift in Sources */ = {isa = PBXBuildFile; fileRef = BA2D6E4636DEFB6764F03121 /* MarketplaceViewModel.swift */; };
		8C7B66638032D4FCF1177B21 /* NativeLessonsViewModel.swift in Sources */ = {isa = PBXBuildFile; fileRef = BCECADA522B0B99665C4C566 /* NativeLessonsViewModel.swift */; };
		8D2F10E5C207246E55F879C9 /* KeychainWrapper.swift in Sources */ = {isa = PBXBuildFile; fileRef = 07AADE9A7F5DDFF1B8709430 /* KeychainWrapper.swift */; };
		8DBE80200DCCB9E77C124095 /* GreasyForkAPITests.swift in Sources */ = {isa = PBXBuildFile; fileRef = A39FA1C8094D8E0353CCA9D9 /* GreasyForkAPITests.swift */; };
		8FC4B97378BE262EF475B736 /* WaniKaniUITests.swift in Sources */ = {isa = PBXBuildFile; fileRef = 87F1B6F562F87DC922F44F20 /* WaniKaniUITests.swift */; };
		914F1D5BC7F2E2DB76362A18 /* ResourceEnvelope.swift in Sources */ = {isa = PBXBuildFile; fileRef = 2CB8677018448A4A6E72D0CF /* ResourceEnvelope.swift */; };
		982064647BB56916E6D4CF71 /* WaniKaniCore.framework in Frameworks */ = {isa = PBXBuildFile; fileRef = DB00719B1B369C75C0818BD8 /* WaniKaniCore.framework */; };
		99033C418EFC604074CACCFA /* NativeDashboardViewModel.swift in Sources */ = {isa = PBXBuildFile; fileRef = B52C2545DB28896101F28C27 /* NativeDashboardViewModel.swift */; };
		9F1038451F2581C3A23B4CA1 /* ReviewTests.swift in Sources */ = {isa = PBXBuildFile; fileRef = 62C7AD8E991C2C4DBEC85A0E /* ReviewTests.swift */; };
		A06834D5DDE76EB8D75BF124 /* WaniKaniAPITests.swift in Sources */ = {isa = PBXBuildFile; fileRef = 8FD2EF45084297AE1FC1A971 /* WaniKaniAPITests.swift */; };
		A798CC9D951A1D5085985846 /* NetworkError.swift in Sources */ = {isa = PBXBuildFile; fileRef = 973EF16359BE0063AECEA7DC /* NetworkError.swift */; };
		A7E0489476C8CEFE8880CD61 /* CSSInjector.swift in Sources */ = {isa = PBXBuildFile; fileRef = 9F78692CA66FA238B4824A52 /* CSSInjector.swift */; };
		AEBDD9890BA56619C79865C8 /* KeychainWrapperTests.swift in Sources */ = {isa = PBXBuildFile; fileRef = D8EECBB26946967C5798AD6C /* KeychainWrapperTests.swift */; };
		B0D4F8FAD0D3168FFC1DABE1 /* DeepLinkRouterTests.swift in Sources */ = {isa = PBXBuildFile; fileRef = BB6527B5A195A65AFFCACDCC /* DeepLinkRouterTests.swift */; };
		B254C924BAD13272F7A20D48 /* UserTests.swift in Sources */ = {isa = PBXBuildFile; fileRef = 3310F771771E7F6E44819753 /* UserTests.swift */; };
		B3A7BC072BE1E468DA86140E /* WaniKaniAPI.swift in Sources */ = {isa = PBXBuildFile; fileRef = 1E1751183FAAD9475100813A /* WaniKaniAPI.swift */; };
		B94A025A4C24AA8A7AC3AE92 /* User.swift in Sources */ = {isa = PBXBuildFile; fileRef = 3C78E07F1058BCDB2C3AA285 /* User.swift */; };
		B9A64D3716F7AF0EE1845FB9 /* SyncManagerTests.swift in Sources */ = {isa = PBXBuildFile; fileRef = CE5B4C75BCE9C9C0302C96C0 /* SyncManagerTests.swift */; };
		C06A04215C8BD17AD2FFBAF6 /* HybridRootView.swift in Sources */ = {isa = PBXBuildFile; fileRef = DD23812885E8248B886DB26D /* HybridRootView.swift */; };
		C07B7F59E21A73C7BC423730 /* NativeDashboardView.swift in Sources */ = {isa = PBXBuildFile; fileRef = B201D8DC20AF748C0C135B20 /* NativeDashboardView.swift */; };
		C66299A18ACF0FEE041ADE19 /* WaniKaniTests.swift in Sources */ = {isa = PBXBuildFile; fileRef = 30CE9A0CBB310CF095BEF74B /* WaniKaniTests.swift */; };
		D1003E7B52DFE17E6A3C6771 /* ReviewsWebView.swift in Sources */ = {isa = PBXBuildFile; fileRef = 6E74A77B949EE394F618E548 /* ReviewsWebView.swift */; };
		D5D9A33FE4D668234C354EC7 /* WaniKaniCore.framework in Frameworks */ = {isa = PBXBuildFile; fileRef = DB00719B1B369C75C0818BD8 /* WaniKaniCore.framework */; };
		D68EE1B794B014E6939C1B32 /* Assets.xcassets in Resources */ = {isa = PBXBuildFile; fileRef = E2E8010099C7DA06CF5EA30B /* Assets.xcassets */; };
		D9EBD0E1EE60A14930DD868D /* SyncManager.swift in Sources */ = {isa = PBXBuildFile; fileRef = 607E13A815A2DC983288E670 /* SyncManager.swift */; };
		DE86FBB26BE2ACD5A80B9BFB /* WebViewController.swift in Sources */ = {isa = PBXBuildFile; fileRef = 42B66D03EE521ABBC521F7A8 /* WebViewController.swift */; };
		DEF9D30EA840667D4AB9A39E /* Endpoint.swift in Sources */ = {isa = PBXBuildFile; fileRef = 6310E23B9F214167F2C42502 /* Endpoint.swift */; };
		DFD59028B1CC0550E7FEA957 /* PreferencesManager.swift in Sources */ = {isa = PBXBuildFile; fileRef = 79AD273EE40854880F59E7F2 /* PreferencesManager.swift */; };
		E31943FA49E704690EF9E734 /* NetworkClient.swift in Sources */ = {isa = PBXBuildFile; fileRef = 570F703A95AAA1F7263A1E8B /* NetworkClient.swift */; };
		E49AE0068CD7A2923FBE6E81 /* PersistenceManager.swift in Sources */ = {isa = PBXBuildFile; fileRef = CFEDBCB2FC6681878AA3727C /* PersistenceManager.swift */; };
		E9584A5100D6B5DB012225C5 /* WaniKaniWebView.swift in Sources */ = {isa = PBXBuildFile; fileRef = 8B00BF23A16BD7F14025D53C /* WaniKaniWebView.swift */; };
		EAD8415850FF278BF6B704CA /* WaniKaniCore.swift in Sources */ = {isa = PBXBuildFile; fileRef = 7268CCF844CD915CD4ED7769 /* WaniKaniCore.swift */; };
		EBAC7F07F5CC10C8D095DBCE /* LessonsWebView.swift in Sources */ = {isa = PBXBuildFile; fileRef = EEC59D9A98E9AEFA046E3381 /* LessonsWebView.swift */; };
		F951F586F4552ACE089F94F4 /* NativeLessonsView.swift in Sources */ = {isa = PBXBuildFile; fileRef = F16407EFB1E04CEE5CE83C42 /* NativeLessonsView.swift */; };
		F9F6C90D6DED962CD2918CC6 /* ResourceEnvelopeTests.swift in Sources */ = {isa = PBXBuildFile; fileRef = 6FCAE9CE51B6340B5C445C88 /* ResourceEnvelopeTests.swift */; };
		FC43E640F3E8E504BC349141 /* URLSessionNetworkClient.swift in Sources */ = {isa = PBXBuildFile; fileRef = BDFF8C9624FE1F89A58A560D /* URLSessionNetworkClient.swift */; };
		FE2744981808FDEB2A47F30F /* NativeReviewsViewModel.swift in Sources */ = {isa = PBXBuildFile; fileRef = 1A6AE4A3A2E89B9A0C79B61C /* NativeReviewsViewModel.swift */; };
/* End PBXBuildFile section */

/* Begin PBXContainerItemProxy section */
		589F6FE114CAE78E55C01613 /* PBXContainerItemProxy */ = {
			isa = PBXContainerItemProxy;
			containerPortal = 9527F3F7C43C8593E12ECAD8 /* Project object */;
			proxyType = 1;
			remoteGlobalIDString = A5535FF14D63EE871C207965;
			remoteInfo = WaniKani;
		};
		72CB920FD71559663D390F33 /* PBXContainerItemProxy */ = {
			isa = PBXContainerItemProxy;
			containerPortal = 9527F3F7C43C8593E12ECAD8 /* Project object */;
			proxyType = 1;
			remoteGlobalIDString = F66DF82C7213FC06E2CE5BF9;
			remoteInfo = WaniKaniCore;
		};
		D39A95C89454D0D1B4353B76 /* PBXContainerItemProxy */ = {
			isa = PBXContainerItemProxy;
			containerPortal = 9527F3F7C43C8593E12ECAD8 /* Project object */;
			proxyType = 1;
			remoteGlobalIDString = F66DF82C7213FC06E2CE5BF9;
			remoteInfo = WaniKaniCore;
		};
		F1CF3292561C93C4BE223D56 /* PBXContainerItemProxy */ = {
			isa = PBXContainerItemProxy;
			containerPortal = 9527F3F7C43C8593E12ECAD8 /* Project object */;
			proxyType = 1;
			remoteGlobalIDString = A5535FF14D63EE871C207965;
			remoteInfo = WaniKani;
		};
/* End PBXContainerItemProxy section */

/* Begin PBXCopyFilesBuildPhase section */
		A6AFB3CCD05D152720AED1E4 /* Embed Frameworks */ = {
			isa = PBXCopyFilesBuildPhase;
			buildActionMask = 2147483647;
			dstPath = "";
			dstSubfolderSpec = 10;
			files = (
				7D92408426AF191D6CCD3B71 /* WaniKaniCore.framework in Embed Frameworks */,
			);
			name = "Embed Frameworks";
			runOnlyForDeploymentPostprocessing = 0;
		};
		E5507F01773418FD195E17D9 /* Embed Frameworks */ = {
			isa = PBXCopyFilesBuildPhase;
			buildActionMask = 2147483647;
			dstPath = "";
			dstSubfolderSpec = 10;
			files = (
				47FAA2C53AD5F6CA2A295541 /* WaniKaniCore.framework in Embed Frameworks */,
			);
			name = "Embed Frameworks";
			runOnlyForDeploymentPostprocessing = 0;
		};
/* End PBXCopyFilesBuildPhase section */

/* Begin PBXFileReference section */
		01B2E159B3A0259C434FB727 /* .gitkeep */ = {isa = PBXFileReference; path = .gitkeep; sourceTree = "<group>"; };
		01DCA18EB806BA0F637D203E /* SubjectTests.swift */ = {isa = PBXFileReference; lastKnownFileType = sourcecode.swift; path = SubjectTests.swift; sourceTree = "<group>"; };
		07AADE9A7F5DDFF1B8709430 /* KeychainWrapper.swift */ = {isa = PBXFileReference; lastKnownFileType = sourcecode.swift; path = KeychainWrapper.swift; sourceTree = "<group>"; };
		0A0F5041E5D9908CC90D95DF /* WaniKaniTests.xctest */ = {isa = PBXFileReference; includeInIndex = 0; lastKnownFileType = wrapper.cfbundle; path = WaniKaniTests.xctest; sourceTree = BUILT_PRODUCTS_DIR; };
		0B0525B3F1A77B7596C91114 /* NativeReviewsView.swift */ = {isa = PBXFileReference; lastKnownFileType = sourcecode.swift; path = NativeReviewsView.swift; sourceTree = "<group>"; };
		0C67F8B4B3A98CF1F6F85D9C /* SRSStateMachine.swift */ = {isa = PBXFileReference; lastKnownFileType = sourcecode.swift; path = SRSStateMachine.swift; sourceTree = "<group>"; };
		0CD2084883C67AE779ACE725 /* .gitkeep */ = {isa = PBXFileReference; path = .gitkeep; sourceTree = "<group>"; };
		0F8122827C3A885C8C17F397 /* .gitkeep */ = {isa = PBXFileReference; path = .gitkeep; sourceTree = "<group>"; };
		12C119B1D9FE921FF7AF6AF4 /* .gitkeep */ = {isa = PBXFileReference; path = .gitkeep; sourceTree = "<group>"; };
		1606C362D6EAEB8493CE15F3 /* .gitkeep */ = {isa = PBXFileReference; path = .gitkeep; sourceTree = "<group>"; };
		1A6AE4A3A2E89B9A0C79B61C /* NativeReviewsViewModel.swift */ = {isa = PBXFileReference; lastKnownFileType = sourcecode.swift; path = NativeReviewsViewModel.swift; sourceTree = "<group>"; };
		1BDB56473F31F9E09DA09173 /* .gitkeep */ = {isa = PBXFileReference; path = .gitkeep; sourceTree = "<group>"; };
		1C693731016C5AC9755F9310 /* .gitkeep */ = {isa = PBXFileReference; path = .gitkeep; sourceTree = "<group>"; };
		1E1751183FAAD9475100813A /* WaniKaniAPI.swift */ = {isa = PBXFileReference; lastKnownFileType = sourcecode.swift; path = WaniKaniAPI.swift; sourceTree = "<group>"; };
		2B6CA3E69475A9B0B9E256BE /* WaniKaniApp.swift */ = {isa = PBXFileReference; lastKnownFileType = sourcecode.swift; path = WaniKaniApp.swift; sourceTree = "<group>"; };
		2CB8677018448A4A6E72D0CF /* ResourceEnvelope.swift */ = {isa = PBXFileReference; lastKnownFileType = sourcecode.swift; path = ResourceEnvelope.swift; sourceTree = "<group>"; };
		30CE9A0CBB310CF095BEF74B /* WaniKaniTests.swift */ = {isa = PBXFileReference; lastKnownFileType = sourcecode.swift; path = WaniKaniTests.swift; sourceTree = "<group>"; };
		3310F771771E7F6E44819753 /* UserTests.swift */ = {isa = PBXFileReference; lastKnownFileType = sourcecode.swift; path = UserTests.swift; sourceTree = "<group>"; };
		3C78E07F1058BCDB2C3AA285 /* User.swift */ = {isa = PBXFileReference; lastKnownFileType = sourcecode.swift; path = User.swift; sourceTree = "<group>"; };
		42034E5769A63BFA5473A50D /* WaniKani.app */ = {isa = PBXFileReference; includeInIndex = 0; lastKnownFileType = wrapper.application; path = WaniKani.app; sourceTree = BUILT_PRODUCTS_DIR; };
		42B66D03EE521ABBC521F7A8 /* WebViewController.swift */ = {isa = PBXFileReference; lastKnownFileType = sourcecode.swift; path = WebViewController.swift; sourceTree = "<group>"; };
		4FB69FCD435DCF8A04292BE0 /* NotificationManager.swift */ = {isa = PBXFileReference; lastKnownFileType = sourcecode.swift; path = NotificationManager.swift; sourceTree = "<group>"; };
		4FEF94381957891EDD09FB45 /* NativeRootView.swift */ = {isa = PBXFileReference; lastKnownFileType = sourcecode.swift; path = NativeRootView.swift; sourceTree = "<group>"; };
		570F703A95AAA1F7263A1E8B /* NetworkClient.swift */ = {isa = PBXFileReference; lastKnownFileType = sourcecode.swift; path = NetworkClient.swift; sourceTree = "<group>"; };
		607E13A815A2DC983288E670 /* SyncManager.swift */ = {isa = PBXFileReference; lastKnownFileType = sourcecode.swift; path = SyncManager.swift; sourceTree = "<group>"; };
		613FAD1EF7DA1ABFEFC3E285 /* WebViewContainer.swift */ = {isa = PBXFileReference; lastKnownFileType = sourcecode.swift; path = WebViewContainer.swift; sourceTree = "<group>"; };
		62C7AD8E991C2C4DBEC85A0E /* ReviewTests.swift */ = {isa = PBXFileReference; lastKnownFileType = sourcecode.swift; path = ReviewTests.swift; sourceTree = "<group>"; };
		6310E23B9F214167F2C42502 /* Endpoint.swift */ = {isa = PBXFileReference; lastKnownFileType = sourcecode.swift; path = Endpoint.swift; sourceTree = "<group>"; };
		63F1C0955B34D11675A4B0C0 /* .gitkeep */ = {isa = PBXFileReference; path = .gitkeep; sourceTree = "<group>"; };
		64F4AD9FD4A228F7582F3FA0 /* ScriptInjector.swift */ = {isa = PBXFileReference; lastKnownFileType = sourcecode.swift; path = ScriptInjector.swift; sourceTree = "<group>"; };
		67C70EB45D9DC72EE315BACF /* PersistenceModels.swift */ = {isa = PBXFileReference; lastKnownFileType = sourcecode.swift; path = PersistenceModels.swift; sourceTree = "<group>"; };
		6D03213006B67AD555366DA6 /* .gitkeep */ = {isa = PBXFileReference; path = .gitkeep; sourceTree = "<group>"; };
		6D18D45A3F2D34F65AE368FF /* WaniKaniUITests.xctest */ = {isa = PBXFileReference; includeInIndex = 0; lastKnownFileType = wrapper.cfbundle; path = WaniKaniUITests.xctest; sourceTree = BUILT_PRODUCTS_DIR; };
		6E74A77B949EE394F618E548 /* ReviewsWebView.swift */ = {isa = PBXFileReference; lastKnownFileType = sourcecode.swift; path = ReviewsWebView.swift; sourceTree = "<group>"; };
		6FCAE9CE51B6340B5C445C88 /* ResourceEnvelopeTests.swift */ = {isa = PBXFileReference; lastKnownFileType = sourcecode.swift; path = ResourceEnvelopeTests.swift; sourceTree = "<group>"; };
		7268CCF844CD915CD4ED7769 /* WaniKaniCore.swift */ = {isa = PBXFileReference; lastKnownFileType = sourcecode.swift; path = WaniKaniCore.swift; sourceTree = "<group>"; };
		72D0C05C1CDC9DBF70843F7A /* .gitkeep */ = {isa = PBXFileReference; path = .gitkeep; sourceTree = "<group>"; };
		7884806C7B4A1872146CF102 /* Review.swift */ = {isa = PBXFileReference; lastKnownFileType = sourcecode.swift; path = Review.swift; sourceTree = "<group>"; };
		79AD273EE40854880F59E7F2 /* PreferencesManager.swift */ = {isa = PBXFileReference; lastKnownFileType = sourcecode.swift; path = PreferencesManager.swift; sourceTree = "<group>"; };
		7BCF13B5098C58A0704F4CA2 /* .gitkeep */ = {isa = PBXFileReference; path = .gitkeep; sourceTree = "<group>"; };
		7FAE32E5E5276E88EBE9B113 /* PersistenceManagerTests.swift */ = {isa = PBXFileReference; lastKnownFileType = sourcecode.swift; path = PersistenceManagerTests.swift; sourceTree = "<group>"; };
		84D470A4196A71B08C76E612 /* MarketplaceWebView.swift */ = {isa = PBXFileReference; lastKnownFileType = sourcecode.swift; path = MarketplaceWebView.swift; sourceTree = "<group>"; };
		856397877A3829016CB792C4 /* .gitkeep */ = {isa = PBXFileReference; path = .gitkeep; sourceTree = "<group>"; };
		876CEB8ABDA521E84335B573 /* DeepLinkRouter.swift */ = {isa = PBXFileReference; lastKnownFileType = sourcecode.swift; path = DeepLinkRouter.swift; sourceTree = "<group>"; };
		87F1B6F562F87DC922F44F20 /* WaniKaniUITests.swift */ = {isa = PBXFileReference; lastKnownFileType = sourcecode.swift; path = WaniKaniUITests.swift; sourceTree = "<group>"; };
		8B00BF23A16BD7F14025D53C /* WaniKaniWebView.swift */ = {isa = PBXFileReference; lastKnownFileType = sourcecode.swift; path = WaniKaniWebView.swift; sourceTree = "<group>"; };
		8B044FF7E9102B1B48140925 /* PreferencesManagerTests.swift */ = {isa = PBXFileReference; lastKnownFileType = sourcecode.swift; path = PreferencesManagerTests.swift; sourceTree = "<group>"; };
		8D99334153FA9E6EC8ADB1ED /* SummaryTests.swift */ = {isa = PBXFileReference; lastKnownFileType = sourcecode.swift; path = SummaryTests.swift; sourceTree = "<group>"; };
		8FD2EF45084297AE1FC1A971 /* WaniKaniAPITests.swift */ = {isa = PBXFileReference; lastKnownFileType = sourcecode.swift; path = WaniKaniAPITests.swift; sourceTree = "<group>"; };
		90957C7105A64846D21E4864 /* SRSStateMachineTests.swift */ = {isa = PBXFileReference; lastKnownFileType = sourcecode.swift; path = SRSStateMachineTests.swift; sourceTree = "<group>"; };
		90F1057243CA8E1618D2D028 /* ForumsWebView.swift */ = {isa = PBXFileReference; lastKnownFileType = sourcecode.swift; path = ForumsWebView.swift; sourceTree = "<group>"; };
		96A5A6CF7D092390B7FA1B0B /* .gitkeep */ = {isa = PBXFileReference; path = .gitkeep; sourceTree = "<group>"; };
		96E86A0522742F6C5BCB7A11 /* StatisticsWebView.swift */ = {isa = PBXFileReference; lastKnownFileType = sourcecode.swift; path = StatisticsWebView.swift; sourceTree = "<group>"; };
		973EF16359BE0063AECEA7DC /* NetworkError.swift */ = {isa = PBXFileReference; lastKnownFileType = sourcecode.swift; path = NetworkError.swift; sourceTree = "<group>"; };
		9BAC72A5E8C5C9C98DB0E530 /* Assignment.swift */ = {isa = PBXFileReference; lastKnownFileType = sourcecode.swift; path = Assignment.swift; sourceTree = "<group>"; };
		9E44880657D0A847E3F0B6D3 /* TestHelpers.swift */ = {isa = PBXFileReference; lastKnownFileType = sourcecode.swift; path = TestHelpers.swift; sourceTree = "<group>"; };
		9F78692CA66FA238B4824A52 /* CSSInjector.swift */ = {isa = PBXFileReference; lastKnownFileType = sourcecode.swift; path = CSSInjector.swift; sourceTree = "<group>"; };
		9F92D2CDF38975E562BB033E /* .gitkeep */ = {isa = PBXFileReference; path = .gitkeep; sourceTree = "<group>"; };
		9FB3E3E41301D3E58784D1F2 /* NotificationManagerTests.swift */ = {isa = PBXFileReference; lastKnownFileType = sourcecode.swift; path = NotificationManagerTests.swift; sourceTree = "<group>"; };
		A007A36B143AC6FF95E6D74A /* NetworkClientTests.swift */ = {isa = PBXFileReference; lastKnownFileType = sourcecode.swift; path = NetworkClientTests.swift; sourceTree = "<group>"; };
		A39FA1C8094D8E0353CCA9D9 /* GreasyForkAPITests.swift */ = {isa = PBXFileReference; lastKnownFileType = sourcecode.swift; path = GreasyForkAPITests.swift; sourceTree = "<group>"; };
		AD4D66C0006F686B9785C6EC /* WebViewRootView.swift */ = {isa = PBXFileReference; lastKnownFileType = sourcecode.swift; path = WebViewRootView.swift; sourceTree = "<group>"; };
		AEDF2E39A71B45AA05DDC71A /* .gitkeep */ = {isa = PBXFileReference; path = .gitkeep; sourceTree = "<group>"; };
		B201D8DC20AF748C0C135B20 /* NativeDashboardView.swift */ = {isa = PBXFileReference; lastKnownFileType = sourcecode.swift; path = NativeDashboardView.swift; sourceTree = "<group>"; };
		B2FB71ADC8F00B48D875926F /* LoginWebView.swift */ = {isa = PBXFileReference; lastKnownFileType = sourcecode.swift; path = LoginWebView.swift; sourceTree = "<group>"; };
		B52C2545DB28896101F28C27 /* NativeDashboardViewModel.swift */ = {isa = PBXFileReference; lastKnownFileType = sourcecode.swift; path = NativeDashboardViewModel.swift; sourceTree = "<group>"; };
		B5F953B9A2DADEDFBEE63D92 /* .gitkeep */ = {isa = PBXFileReference; path = .gitkeep; sourceTree = "<group>"; };
		B9D0E35C19A3521259266C18 /* WaniKaniUITestsLaunchTests.swift */ = {isa = PBXFileReference; lastKnownFileType = sourcecode.swift; path = WaniKaniUITestsLaunchTests.swift; sourceTree = "<group>"; };
		BA2D6E4636DEFB6764F03121 /* MarketplaceViewModel.swift */ = {isa = PBXFileReference; lastKnownFileType = sourcecode.swift; path = MarketplaceViewModel.swift; sourceTree = "<group>"; };
		BB6527B5A195A65AFFCACDCC /* DeepLinkRouterTests.swift */ = {isa = PBXFileReference; lastKnownFileType = sourcecode.swift; path = DeepLinkRouterTests.swift; sourceTree = "<group>"; };
		BCECADA522B0B99665C4C566 /* NativeLessonsViewModel.swift */ = {isa = PBXFileReference; lastKnownFileType = sourcecode.swift; path = NativeLessonsViewModel.swift; sourceTree = "<group>"; };
		BDFF8C9624FE1F89A58A560D /* URLSessionNetworkClient.swift */ = {isa = PBXFileReference; lastKnownFileType = sourcecode.swift; path = URLSessionNetworkClient.swift; sourceTree = "<group>"; };
		C1CF4BE28532933945EC0DE2 /* GreasyForkAPI.swift */ = {isa = PBXFileReference; lastKnownFileType = sourcecode.swift; path = GreasyForkAPI.swift; sourceTree = "<group>"; };
		C275E34B21E2EE26D71A1DCE /* .gitkeep */ = {isa = PBXFileReference; path = .gitkeep; sourceTree = "<group>"; };
		CCF0C424620BCDB34D580ED2 /* .gitkeep */ = {isa = PBXFileReference; path = .gitkeep; sourceTree = "<group>"; };
		CE5B4C75BCE9C9C0302C96C0 /* SyncManagerTests.swift */ = {isa = PBXFileReference; lastKnownFileType = sourcecode.swift; path = SyncManagerTests.swift; sourceTree = "<group>"; };
		CFEDBCB2FC6681878AA3727C /* PersistenceManager.swift */ = {isa = PBXFileReference; lastKnownFileType = sourcecode.swift; path = PersistenceManager.swift; sourceTree = "<group>"; };
		D000CD07D4B7DB4BACA9B815 /* Subject.swift */ = {isa = PBXFileReference; lastKnownFileType = sourcecode.swift; path = Subject.swift; sourceTree = "<group>"; };
		D66456F805BFA9ADC73979BD /* .gitkeep */ = {isa = PBXFileReference; path = .gitkeep; sourceTree = "<group>"; };
		D8EECBB26946967C5798AD6C /* KeychainWrapperTests.swift */ = {isa = PBXFileReference; lastKnownFileType = sourcecode.swift; path = KeychainWrapperTests.swift; sourceTree = "<group>"; };
		DB00719B1B369C75C0818BD8 /* WaniKaniCore.framework */ = {isa = PBXFileReference; explicitFileType = wrapper.framework; includeInIndex = 0; path = WaniKaniCore.framework; sourceTree = BUILT_PRODUCTS_DIR; };
		DB802A3658E4076386B8FB09 /* AppState.swift */ = {isa = PBXFileReference; lastKnownFileType = sourcecode.swift; path = AppState.swift; sourceTree = "<group>"; };
		DD23812885E8248B886DB26D /* HybridRootView.swift */ = {isa = PBXFileReference; lastKnownFileType = sourcecode.swift; path = HybridRootView.swift; sourceTree = "<group>"; };
		DE5870BD49703DACC1F56DDE /* ContentView.swift */ = {isa = PBXFileReference; lastKnownFileType = sourcecode.swift; path = ContentView.swift; sourceTree = "<group>"; };
		E1B80FD71F4CDCD40A290A7C /* .gitkeep */ = {isa = PBXFileReference; path = .gitkeep; sourceTree = "<group>"; };
		E22F116C016F18F85DF1AD99 /* .gitkeep */ = {isa = PBXFileReference; path = .gitkeep; sourceTree = "<group>"; };
		E272CAE29890130A6B01A45F /* DashboardWebView.swift */ = {isa = PBXFileReference; lastKnownFileType = sourcecode.swift; path = DashboardWebView.swift; sourceTree = "<group>"; };
		E2E8010099C7DA06CF5EA30B /* Assets.xcassets */ = {isa = PBXFileReference; lastKnownFileType = folder.assetcatalog; path = Assets.xcassets; sourceTree = "<group>"; };
		E69CF0A9847A539C639ED383 /* Summary.swift */ = {isa = PBXFileReference; lastKnownFileType = sourcecode.swift; path = Summary.swift; sourceTree = "<group>"; };
		EEC59D9A98E9AEFA046E3381 /* LessonsWebView.swift */ = {isa = PBXFileReference; lastKnownFileType = sourcecode.swift; path = LessonsWebView.swift; sourceTree = "<group>"; };
		F16407EFB1E04CEE5CE83C42 /* NativeLessonsView.swift */ = {isa = PBXFileReference; lastKnownFileType = sourcecode.swift; path = NativeLessonsView.swift; sourceTree = "<group>"; };
		F34F977074FFEE960651489B /* Config.swift */ = {isa = PBXFileReference; lastKnownFileType = sourcecode.swift; path = Config.swift; sourceTree = "<group>"; };
		F5F223EC4D7E7C78DFE256EC /* .gitkeep */ = {isa = PBXFileReference; path = .gitkeep; sourceTree = "<group>"; };
		F60593EF271629F9D1284760 /* OfflineHandler.swift */ = {isa = PBXFileReference; lastKnownFileType = sourcecode.swift; path = OfflineHandler.swift; sourceTree = "<group>"; };
		FAC41381EA87AD201ABCC54C /* .gitkeep */ = {isa = PBXFileReference; path = .gitkeep; sourceTree = "<group>"; };
		FFC188B2D03EE9ABC97A6DE2 /* AssignmentTests.swift */ = {isa = PBXFileReference; lastKnownFileType = sourcecode.swift; path = AssignmentTests.swift; sourceTree = "<group>"; };
/* End PBXFileReference section */

/* Begin PBXFrameworksBuildPhase section */
		81C36A0246774F6C9F05E256 /* Frameworks */ = {
			isa = PBXFrameworksBuildPhase;
			buildActionMask = 2147483647;
			files = (
				D5D9A33FE4D668234C354EC7 /* WaniKaniCore.framework in Frameworks */,
			);
			runOnlyForDeploymentPostprocessing = 0;
		};
		EE3D821AAA1A43E7F39D41D2 /* Frameworks */ = {
			isa = PBXFrameworksBuildPhase;
			buildActionMask = 2147483647;
			files = (
				982064647BB56916E6D4CF71 /* WaniKaniCore.framework in Frameworks */,
			);
			runOnlyForDeploymentPostprocessing = 0;
		};
/* End PBXFrameworksBuildPhase section */

/* Begin PBXGroup section */
		010726C78150D94CCC04265C /* Theme */ = {
			isa = PBXGroup;
			children = (
				AEDF2E39A71B45AA05DDC71A /* .gitkeep */,
			);
			path = Theme;
			sourceTree = "<group>";
		};
		0B947DD541CE3AF4619E100F /* Security */ = {
			isa = PBXGroup;
			children = (
				63F1C0955B34D11675A4B0C0 /* .gitkeep */,
				07AADE9A7F5DDFF1B8709430 /* KeychainWrapper.swift */,
			);
			path = Security;
			sourceTree = "<group>";
		};
		0D2215604ACA42F1398A2769 /* Helpers */ = {
			isa = PBXGroup;
			children = (
				9E44880657D0A847E3F0B6D3 /* TestHelpers.swift */,
			);
			path = Helpers;
			sourceTree = "<group>";
		};
		0DDAA28B9C28FE4ABFE1D6B4 /* Views */ = {
			isa = PBXGroup;
			children = (
				1606C362D6EAEB8493CE15F3 /* .gitkeep */,
				84D470A4196A71B08C76E612 /* MarketplaceWebView.swift */,
			);
			path = Views;
			sourceTree = "<group>";
		};
		1027BF43DF38741BF7C0FEA2 /* Forums */ = {
			isa = PBXGroup;
			children = (
				2CF478D2A97550334B85BAA7 /* Views */,
			);
			path = Forums;
			sourceTree = "<group>";
		};
		166F21B752CFBF9B09D88279 /* Storage */ = {
			isa = PBXGroup;
			children = (
				79AD273EE40854880F59E7F2 /* PreferencesManager.swift */,
			);
			path = Storage;
			sourceTree = "<group>";
		};
		17C7B8F5CD7AB1CD6BB84D50 /* Products */ = {
			isa = PBXGroup;
			children = (
				42034E5769A63BFA5473A50D /* WaniKani.app */,
				DB00719B1B369C75C0818BD8 /* WaniKaniCore.framework */,
				0A0F5041E5D9908CC90D95DF /* WaniKaniTests.xctest */,
				6D18D45A3F2D34F65AE368FF /* WaniKaniUITests.xctest */,
			);
			name = Products;
			sourceTree = "<group>";
		};
		18400060126D139F944ADCB7 /* Extensions */ = {
			isa = PBXGroup;
			children = (
				1C693731016C5AC9755F9310 /* .gitkeep */,
			);
			path = Extensions;
			sourceTree = "<group>";
		};
		1B2443A32D7B9029CAA897EE /* Components */ = {
			isa = PBXGroup;
			children = (
				1BDB56473F31F9E09DA09173 /* .gitkeep */,
			);
			path = Components;
			sourceTree = "<group>";
		};
		2AA5EF2DD56734067167E729 /* Reviews */ = {
			isa = PBXGroup;
			children = (
				424694D177D796785CE850D6 /* ViewModels */,
				57C3D794981498715149F741 /* Views */,
			);
			path = Reviews;
			sourceTree = "<group>";
		};
		2CF478D2A97550334B85BAA7 /* Views */ = {
			isa = PBXGroup;
			children = (
				0CD2084883C67AE779ACE725 /* .gitkeep */,
				90F1057243CA8E1618D2D028 /* ForumsWebView.swift */,
			);
			path = Views;
			sourceTree = "<group>";
		};
		3507E7B6196F73E2229DAB4D = {
			isa = PBXGroup;
			children = (
				76BEBB32C4CB89A0AA3A017F /* WaniKani */,
				7AC07A6583FEC02E46179547 /* WaniKaniCore */,
				B0E72D52CE03A6B8C8130E42 /* WaniKaniTests */,
				D43030D0B9E85674767D4149 /* WaniKaniUITests */,
				17C7B8F5CD7AB1CD6BB84D50 /* Products */,
			);
			sourceTree = "<group>";
		};
		36459F2ED24B385BB02A5127 /* ViewModels */ = {
			isa = PBXGroup;
			children = (
				856397877A3829016CB792C4 /* .gitkeep */,
			);
			path = ViewModels;
			sourceTree = "<group>";
		};
		3C15FB18A7ED82F5B8B690EE /* ModelsTests */ = {
			isa = PBXGroup;
			children = (
				FFC188B2D03EE9ABC97A6DE2 /* AssignmentTests.swift */,
				6FCAE9CE51B6340B5C445C88 /* ResourceEnvelopeTests.swift */,
				62C7AD8E991C2C4DBEC85A0E /* ReviewTests.swift */,
				01DCA18EB806BA0F637D203E /* SubjectTests.swift */,
				8D99334153FA9E6EC8ADB1ED /* SummaryTests.swift */,
				3310F771771E7F6E44819753 /* UserTests.swift */,
			);
			path = ModelsTests;
			sourceTree = "<group>";
		};
		424694D177D796785CE850D6 /* ViewModels */ = {
			isa = PBXGroup;
			children = (
				D66456F805BFA9ADC73979BD /* .gitkeep */,
			);
			path = ViewModels;
			sourceTree = "<group>";
		};
		4970387FD17768594824DA8E /* Networking */ = {
			isa = PBXGroup;
			children = (
				CCF0C424620BCDB34D580ED2 /* .gitkeep */,
				6310E23B9F214167F2C42502 /* Endpoint.swift */,
				C1CF4BE28532933945EC0DE2 /* GreasyForkAPI.swift */,
				570F703A95AAA1F7263A1E8B /* NetworkClient.swift */,
				973EF16359BE0063AECEA7DC /* NetworkError.swift */,
				BDFF8C9624FE1F89A58A560D /* URLSessionNetworkClient.swift */,
				1E1751183FAAD9475100813A /* WaniKaniAPI.swift */,
			);
			path = Networking;
			sourceTree = "<group>";
		};
		537644C2306A9889B37BD9B5 /* Persistence */ = {
			isa = PBXGroup;
			children = (
				E1B80FD71F4CDCD40A290A7C /* .gitkeep */,
				CFEDBCB2FC6681878AA3727C /* PersistenceManager.swift */,
				67C70EB45D9DC72EE315BACF /* PersistenceModels.swift */,
			);
			path = Persistence;
			sourceTree = "<group>";
		};
		555EAE71567B7299C4E8DD45 /* App */ = {
			isa = PBXGroup;
			children = (
				DB802A3658E4076386B8FB09 /* AppState.swift */,
				F34F977074FFEE960651489B /* Config.swift */,
				DE5870BD49703DACC1F56DDE /* ContentView.swift */,
				2B6CA3E69475A9B0B9E256BE /* WaniKaniApp.swift */,
			);
			path = App;
			sourceTree = "<group>";
		};
		57C3D794981498715149F741 /* Views */ = {
			isa = PBXGroup;
			children = (
				72D0C05C1CDC9DBF70843F7A /* .gitkeep */,
				6E74A77B949EE394F618E548 /* ReviewsWebView.swift */,
			);
			path = Views;
			sourceTree = "<group>";
		};
		597ADD35707B6E3B608AE145 /* Dashboard */ = {
			isa = PBXGroup;
			children = (
				8D440E46387DEA4275A95E54 /* ViewModels */,
				CFEB4A37DC43FEB4DCCB8049 /* Views */,
			);
			path = Dashboard;
			sourceTree = "<group>";
		};
		63013DC2D1913A0D560B3A79 /* Lessons */ = {
			isa = PBXGroup;
			children = (
				F16407EFB1E04CEE5CE83C42 /* NativeLessonsView.swift */,
				BCECADA522B0B99665C4C566 /* NativeLessonsViewModel.swift */,
			);
			path = Lessons;
			sourceTree = "<group>";
		};
		64E42D0D2C7DE6BF28454454 /* LogicTests */ = {
			isa = PBXGroup;
			children = (
				90957C7105A64846D21E4864 /* SRSStateMachineTests.swift */,
			);
			path = LogicTests;
			sourceTree = "<group>";
		};
		67402D5BC520865C44119F98 /* Views */ = {
			isa = PBXGroup;
			children = (
				6D03213006B67AD555366DA6 /* .gitkeep */,
				96E86A0522742F6C5BCB7A11 /* StatisticsWebView.swift */,
			);
			path = Views;
			sourceTree = "<group>";
		};
		76BEBB32C4CB89A0AA3A017F /* WaniKani */ = {
			isa = PBXGroup;
			children = (
				E2E8010099C7DA06CF5EA30B /* Assets.xcassets */,
				555EAE71567B7299C4E8DD45 /* App */,
				B3B5C5746CE1FF6000E31183 /* Features */,
				7BFA36F17F5930A969CC7C3C /* Prototypes */,
				C91119EE0032E7CBE7E380A8 /* Shared */,
			);
			path = WaniKani;
			sourceTree = "<group>";
		};
		7AC07A6583FEC02E46179547 /* WaniKaniCore */ = {
			isa = PBXGroup;
			children = (
				E22F116C016F18F85DF1AD99 /* .gitkeep */,
				7268CCF844CD915CD4ED7769 /* WaniKaniCore.swift */,
				8B7E64DA930A04D42B253446 /* Logic */,
				ACFD0B6D8DAEDB2B57C2E73F /* Managers */,
				D4C3A9770766D1F762DFC570 /* Models */,
				4970387FD17768594824DA8E /* Networking */,
				537644C2306A9889B37BD9B5 /* Persistence */,
				0B947DD541CE3AF4619E100F /* Security */,
				166F21B752CFBF9B09D88279 /* Storage */,
			);
			path = WaniKaniCore;
			sourceTree = "<group>";
		};
		7BFA36F17F5930A969CC7C3C /* Prototypes */ = {
			isa = PBXGroup;
			children = (
				D04C4C205CF71A0DDDBFFE3D /* Hybrid */,
				B9C4796CFC37D1678585F340 /* Native */,
				F6FEB33AD093BA9DF53E3BF6 /* WebView */,
			);
			path = Prototypes;
			sourceTree = "<group>";
		};
		7D982C337CE7DC19B5EC2333 /* ViewModels */ = {
			isa = PBXGroup;
			children = (
				C275E34B21E2EE26D71A1DCE /* .gitkeep */,
			);
			path = ViewModels;
			sourceTree = "<group>";
		};
		8AF3D1287C796A17361DC1F9 /* NetworkingTests */ = {
			isa = PBXGroup;
			children = (
				0F8122827C3A885C8C17F397 /* .gitkeep */,
				A39FA1C8094D8E0353CCA9D9 /* GreasyForkAPITests.swift */,
				A007A36B143AC6FF95E6D74A /* NetworkClientTests.swift */,
				8FD2EF45084297AE1FC1A971 /* WaniKaniAPITests.swift */,
			);
			path = NetworkingTests;
			sourceTree = "<group>";
		};
		8B7E64DA930A04D42B253446 /* Logic */ = {
			isa = PBXGroup;
			children = (
				0C67F8B4B3A98CF1F6F85D9C /* SRSStateMachine.swift */,
			);
			path = Logic;
			sourceTree = "<group>";
		};
		8D440E46387DEA4275A95E54 /* ViewModels */ = {
			isa = PBXGroup;
			children = (
				96A5A6CF7D092390B7FA1B0B /* .gitkeep */,
			);
			path = ViewModels;
			sourceTree = "<group>";
		};
		9E05705BC34455C699B8890D /* PersistenceTests */ = {
			isa = PBXGroup;
			children = (
				FAC41381EA87AD201ABCC54C /* .gitkeep */,
				7FAE32E5E5276E88EBE9B113 /* PersistenceManagerTests.swift */,
			);
			path = PersistenceTests;
			sourceTree = "<group>";
		};
		AB051FECDF3630ABEE6FD78F /* Views */ = {
			isa = PBXGroup;
			children = (
				01B2E159B3A0259C434FB727 /* .gitkeep */,
				B2FB71ADC8F00B48D875926F /* LoginWebView.swift */,
			);
			path = Views;
			sourceTree = "<group>";
		};
		AC493DD2F785E90EF5C95737 /* Authentication */ = {
			isa = PBXGroup;
			children = (
				36459F2ED24B385BB02A5127 /* ViewModels */,
				AB051FECDF3630ABEE6FD78F /* Views */,
			);
			path = Authentication;
			sourceTree = "<group>";
		};
		ACFD0B6D8DAEDB2B57C2E73F /* Managers */ = {
			isa = PBXGroup;
			children = (
				876CEB8ABDA521E84335B573 /* DeepLinkRouter.swift */,
				4FB69FCD435DCF8A04292BE0 /* NotificationManager.swift */,
				607E13A815A2DC983288E670 /* SyncManager.swift */,
			);
			path = Managers;
			sourceTree = "<group>";
		};
		B0E72D52CE03A6B8C8130E42 /* WaniKaniTests */ = {
			isa = PBXGroup;
			children = (
				30CE9A0CBB310CF095BEF74B /* WaniKaniTests.swift */,
				0D2215604ACA42F1398A2769 /* Helpers */,
				64E42D0D2C7DE6BF28454454 /* LogicTests */,
				F5F23C20FDF753C9D0B46C60 /* ManagersTests */,
				3C15FB18A7ED82F5B8B690EE /* ModelsTests */,
				8AF3D1287C796A17361DC1F9 /* NetworkingTests */,
				9E05705BC34455C699B8890D /* PersistenceTests */,
				E01B6F239A1373E85DCC09C2 /* SecurityTests */,
				B9AA0A10B4FE633A7D49AF35 /* StorageTests */,
			);
			path = WaniKaniTests;
			sourceTree = "<group>";
		};
		B3B5C5746CE1FF6000E31183 /* Features */ = {
			isa = PBXGroup;
			children = (
				AC493DD2F785E90EF5C95737 /* Authentication */,
				597ADD35707B6E3B608AE145 /* Dashboard */,
				1027BF43DF38741BF7C0FEA2 /* Forums */,
				F6724C45EEEF0711348741F3 /* Lessons */,
				2AA5EF2DD56734067167E729 /* Reviews */,
				F6D6A90D3D959CDA015A763A /* Statistics */,
				FACBFE28CF6269A937FE0A03 /* Theme */,
				DDF7ADF7E3D320D799B3111F /* UserScripts */,
			);
			path = Features;
			sourceTree = "<group>";
		};
		B9AA0A10B4FE633A7D49AF35 /* StorageTests */ = {
			isa = PBXGroup;
			children = (
				8B044FF7E9102B1B48140925 /* PreferencesManagerTests.swift */,
			);
			path = StorageTests;
			sourceTree = "<group>";
		};
		B9C4796CFC37D1678585F340 /* Native */ = {
			isa = PBXGroup;
			children = (
				4FEF94381957891EDD09FB45 /* NativeRootView.swift */,
				FF384A10C11DAF66E74A0164 /* Dashboard */,
				63013DC2D1913A0D560B3A79 /* Lessons */,
				C884F1D72415F466ABD4128F /* Reviews */,
			);
			path = Native;
			sourceTree = "<group>";
		};
		C884F1D72415F466ABD4128F /* Reviews */ = {
			isa = PBXGroup;
			children = (
				0B0525B3F1A77B7596C91114 /* NativeReviewsView.swift */,
				1A6AE4A3A2E89B9A0C79B61C /* NativeReviewsViewModel.swift */,
			);
			path = Reviews;
			sourceTree = "<group>";
		};
		C91119EE0032E7CBE7E380A8 /* Shared */ = {
			isa = PBXGroup;
			children = (
				1B2443A32D7B9029CAA897EE /* Components */,
				18400060126D139F944ADCB7 /* Extensions */,
				010726C78150D94CCC04265C /* Theme */,
			);
			path = Shared;
			sourceTree = "<group>";
		};
		CFEB4A37DC43FEB4DCCB8049 /* Views */ = {
			isa = PBXGroup;
			children = (
				F5F223EC4D7E7C78DFE256EC /* .gitkeep */,
				E272CAE29890130A6B01A45F /* DashboardWebView.swift */,
			);
			path = Views;
			sourceTree = "<group>";
		};
		D04C4C205CF71A0DDDBFFE3D /* Hybrid */ = {
			isa = PBXGroup;
			children = (
				DD23812885E8248B886DB26D /* HybridRootView.swift */,
			);
			path = Hybrid;
			sourceTree = "<group>";
		};
		D43030D0B9E85674767D4149 /* WaniKaniUITests */ = {
			isa = PBXGroup;
			children = (
				87F1B6F562F87DC922F44F20 /* WaniKaniUITests.swift */,
				B9D0E35C19A3521259266C18 /* WaniKaniUITestsLaunchTests.swift */,
			);
			path = WaniKaniUITests;
			sourceTree = "<group>";
		};
		D4C3A9770766D1F762DFC570 /* Models */ = {
			isa = PBXGroup;
			children = (
				9BAC72A5E8C5C9C98DB0E530 /* Assignment.swift */,
				2CB8677018448A4A6E72D0CF /* ResourceEnvelope.swift */,
				7884806C7B4A1872146CF102 /* Review.swift */,
				D000CD07D4B7DB4BACA9B815 /* Subject.swift */,
				E69CF0A9847A539C639ED383 /* Summary.swift */,
				3C78E07F1058BCDB2C3AA285 /* User.swift */,
			);
			path = Models;
			sourceTree = "<group>";
		};
		DDF7ADF7E3D320D799B3111F /* UserScripts */ = {
			isa = PBXGroup;
			children = (
				64F4AD9FD4A228F7582F3FA0 /* ScriptInjector.swift */,
				F98359CCFD882E8940566CFF /* ViewModels */,
				0DDAA28B9C28FE4ABFE1D6B4 /* Views */,
			);
			path = UserScripts;
			sourceTree = "<group>";
		};
		E01B6F239A1373E85DCC09C2 /* SecurityTests */ = {
			isa = PBXGroup;
			children = (
				12C119B1D9FE921FF7AF6AF4 /* .gitkeep */,
				D8EECBB26946967C5798AD6C /* KeychainWrapperTests.swift */,
			);
			path = SecurityTests;
			sourceTree = "<group>";
		};
		E3FD28D62C45430C2229F475 /* ViewModels */ = {
			isa = PBXGroup;
			children = (
				9F92D2CDF38975E562BB033E /* .gitkeep */,
			);
			path = ViewModels;
			sourceTree = "<group>";
		};
		F5F23C20FDF753C9D0B46C60 /* ManagersTests */ = {
			isa = PBXGroup;
			children = (
				BB6527B5A195A65AFFCACDCC /* DeepLinkRouterTests.swift */,
				9FB3E3E41301D3E58784D1F2 /* NotificationManagerTests.swift */,
				CE5B4C75BCE9C9C0302C96C0 /* SyncManagerTests.swift */,
			);
			path = ManagersTests;
			sourceTree = "<group>";
		};
		F6724C45EEEF0711348741F3 /* Lessons */ = {
			isa = PBXGroup;
			children = (
				E3FD28D62C45430C2229F475 /* ViewModels */,
				FA134184D093B6E7FDFFD0A3 /* Views */,
			);
			path = Lessons;
			sourceTree = "<group>";
		};
		F6D6A90D3D959CDA015A763A /* Statistics */ = {
			isa = PBXGroup;
			children = (
				7D982C337CE7DC19B5EC2333 /* ViewModels */,
				67402D5BC520865C44119F98 /* Views */,
			);
			path = Statistics;
			sourceTree = "<group>";
		};
		F6FEB33AD093BA9DF53E3BF6 /* WebView */ = {
			isa = PBXGroup;
			children = (
				F60593EF271629F9D1284760 /* OfflineHandler.swift */,
				8B00BF23A16BD7F14025D53C /* WaniKaniWebView.swift */,
				613FAD1EF7DA1ABFEFC3E285 /* WebViewContainer.swift */,
				42B66D03EE521ABBC521F7A8 /* WebViewController.swift */,
				AD4D66C0006F686B9785C6EC /* WebViewRootView.swift */,
			);
			path = WebView;
			sourceTree = "<group>";
		};
		F98359CCFD882E8940566CFF /* ViewModels */ = {
			isa = PBXGroup;
			children = (
				B5F953B9A2DADEDFBEE63D92 /* .gitkeep */,
				BA2D6E4636DEFB6764F03121 /* MarketplaceViewModel.swift */,
			);
			path = ViewModels;
			sourceTree = "<group>";
		};
		FA134184D093B6E7FDFFD0A3 /* Views */ = {
			isa = PBXGroup;
			children = (
				7BCF13B5098C58A0704F4CA2 /* .gitkeep */,
				EEC59D9A98E9AEFA046E3381 /* LessonsWebView.swift */,
			);
			path = Views;
			sourceTree = "<group>";
		};
		FACBFE28CF6269A937FE0A03 /* Theme */ = {
			isa = PBXGroup;
			children = (
				9F78692CA66FA238B4824A52 /* CSSInjector.swift */,
			);
			path = Theme;
			sourceTree = "<group>";
		};
		FF384A10C11DAF66E74A0164 /* Dashboard */ = {
			isa = PBXGroup;
			children = (
				B201D8DC20AF748C0C135B20 /* NativeDashboardView.swift */,
				B52C2545DB28896101F28C27 /* NativeDashboardViewModel.swift */,
			);
			path = Dashboard;
			sourceTree = "<group>";
		};
/* End PBXGroup section */

/* Begin PBXNativeTarget section */
		9B8B1CA1E244D38CFC81EA0C /* WaniKaniTests */ = {
			isa = PBXNativeTarget;
			buildConfigurationList = 477EABE015B017BA2FAADC5E /* Build configuration list for PBXNativeTarget "WaniKaniTests" */;
			buildPhases = (
				2EABD0F367D9AAD0A8C09D8C /* Sources */,
				81C36A0246774F6C9F05E256 /* Frameworks */,
				E5507F01773418FD195E17D9 /* Embed Frameworks */,
			);
			buildRules = (
			);
			dependencies = (
				9518A36B35A87F0A09B1B5E4 /* PBXTargetDependency */,
				0F4D76CA465E9237CFFD346E /* PBXTargetDependency */,
			);
			name = WaniKaniTests;
			packageProductDependencies = (
			);
			productName = WaniKaniTests;
			productReference = 0A0F5041E5D9908CC90D95DF /* WaniKaniTests.xctest */;
			productType = "com.apple.product-type.bundle.unit-test";
		};
		A5535FF14D63EE871C207965 /* WaniKani */ = {
			isa = PBXNativeTarget;
			buildConfigurationList = D26F3568B2A058A6CDEB83F2 /* Build configuration list for PBXNativeTarget "WaniKani" */;
			buildPhases = (
				D179F19242267CC0003B1391 /* Sources */,
				41503276440C26F1709182BD /* Resources */,
				EE3D821AAA1A43E7F39D41D2 /* Frameworks */,
				A6AFB3CCD05D152720AED1E4 /* Embed Frameworks */,
			);
			buildRules = (
			);
			dependencies = (
				60CB5A59E359DCB8922050ED /* PBXTargetDependency */,
			);
			name = WaniKani;
			packageProductDependencies = (
			);
			productName = WaniKani;
			productReference = 42034E5769A63BFA5473A50D /* WaniKani.app */;
			productType = "com.apple.product-type.application";
		};
		EF4E54D87D45D7DF39FAC4E5 /* WaniKaniUITests */ = {
			isa = PBXNativeTarget;
			buildConfigurationList = FDBA4652FAE708D670D541AC /* Build configuration list for PBXNativeTarget "WaniKaniUITests" */;
			buildPhases = (
				35252BD7AFA28E9C9DEE7028 /* Sources */,
			);
			buildRules = (
			);
			dependencies = (
				A171E822368AF09E6CA069C5 /* PBXTargetDependency */,
			);
			name = WaniKaniUITests;
			packageProductDependencies = (
			);
			productName = WaniKaniUITests;
			productReference = 6D18D45A3F2D34F65AE368FF /* WaniKaniUITests.xctest */;
			productType = "com.apple.product-type.bundle.ui-testing";
		};
		F66DF82C7213FC06E2CE5BF9 /* WaniKaniCore */ = {
			isa = PBXNativeTarget;
			buildConfigurationList = AF9F66A84F394C5E39166A3A /* Build configuration list for PBXNativeTarget "WaniKaniCore" */;
			buildPhases = (
				24921FA4CFAB1143387F9836 /* Sources */,
			);
			buildRules = (
			);
			dependencies = (
			);
			name = WaniKaniCore;
			packageProductDependencies = (
			);
			productName = WaniKaniCore;
			productReference = DB00719B1B369C75C0818BD8 /* WaniKaniCore.framework */;
			productType = "com.apple.product-type.framework";
		};
/* End PBXNativeTarget section */

/* Begin PBXProject section */
		9527F3F7C43C8593E12ECAD8 /* Project object */ = {
			isa = PBXProject;
			attributes = {
				BuildIndependentTargetsInParallel = YES;
				LastUpgradeCheck = 1500;
				TargetAttributes = {
					EF4E54D87D45D7DF39FAC4E5 = {
						TestTargetID = A5535FF14D63EE871C207965;
					};
				};
			};
			buildConfigurationList = 688057F0B7FF0D94ABED8C49 /* Build configuration list for PBXProject "WaniKani" */;
			compatibilityVersion = "Xcode 14.0";
			developmentRegion = en;
			hasScannedForEncodings = 0;
			knownRegions = (
				Base,
				en,
			);
			mainGroup = 3507E7B6196F73E2229DAB4D;
			minimizedProjectReferenceProxies = 1;
			preferredProjectObjectVersion = 77;
			projectDirPath = "";
			projectRoot = "";
			targets = (
				A5535FF14D63EE871C207965 /* WaniKani */,
				F66DF82C7213FC06E2CE5BF9 /* WaniKaniCore */,
				9B8B1CA1E244D38CFC81EA0C /* WaniKaniTests */,
				EF4E54D87D45D7DF39FAC4E5 /* WaniKaniUITests */,
			);
		};
/* End PBXProject section */

/* Begin PBXResourcesBuildPhase section */
		41503276440C26F1709182BD /* Resources */ = {
			isa = PBXResourcesBuildPhase;
			buildActionMask = 2147483647;
			files = (
				D68EE1B794B014E6939C1B32 /* Assets.xcassets in Resources */,
			);
			runOnlyForDeploymentPostprocessing = 0;
		};
/* End PBXResourcesBuildPhase section */

/* Begin PBXSourcesBuildPhase section */
		24921FA4CFAB1143387F9836 /* Sources */ = {
			isa = PBXSourcesBuildPhase;
			buildActionMask = 2147483647;
			files = (
				09DB9D8D9FE06D223E500FC2 /* Assignment.swift in Sources */,
				19D2234BFD480A200DA50D97 /* DeepLinkRouter.swift in Sources */,
				DEF9D30EA840667D4AB9A39E /* Endpoint.swift in Sources */,
				1DCFDC9BF11E889DCA47DD42 /* GreasyForkAPI.swift in Sources */,
				8D2F10E5C207246E55F879C9 /* KeychainWrapper.swift in Sources */,
				E31943FA49E704690EF9E734 /* NetworkClient.swift in Sources */,
				A798CC9D951A1D5085985846 /* NetworkError.swift in Sources */,
				78398425C0451FE6FEDCE018 /* NotificationManager.swift in Sources */,
				E49AE0068CD7A2923FBE6E81 /* PersistenceManager.swift in Sources */,
				2B3C205798811040D07EC4EB /* PersistenceModels.swift in Sources */,
				DFD59028B1CC0550E7FEA957 /* PreferencesManager.swift in Sources */,
				914F1D5BC7F2E2DB76362A18 /* ResourceEnvelope.swift in Sources */,
				5AF8624906289788360C699C /* Review.swift in Sources */,
				5D657103CDE7AF242B5ABCC3 /* SRSStateMachine.swift in Sources */,
				3E72212A702F5FA2700A1554 /* Subject.swift in Sources */,
				864F6AA65474B7563D8475DB /* Summary.swift in Sources */,
				D9EBD0E1EE60A14930DD868D /* SyncManager.swift in Sources */,
				FC43E640F3E8E504BC349141 /* URLSessionNetworkClient.swift in Sources */,
				B94A025A4C24AA8A7AC3AE92 /* User.swift in Sources */,
				B3A7BC072BE1E468DA86140E /* WaniKaniAPI.swift in Sources */,
				EAD8415850FF278BF6B704CA /* WaniKaniCore.swift in Sources */,
			);
			runOnlyForDeploymentPostprocessing = 0;
		};
		2EABD0F367D9AAD0A8C09D8C /* Sources */ = {
			isa = PBXSourcesBuildPhase;
			buildActionMask = 2147483647;
			files = (
				0FBF05261617D7F0DDEDEA83 /* AssignmentTests.swift in Sources */,
				B0D4F8FAD0D3168FFC1DABE1 /* DeepLinkRouterTests.swift in Sources */,
				8DBE80200DCCB9E77C124095 /* GreasyForkAPITests.swift in Sources */,
				AEBDD9890BA56619C79865C8 /* KeychainWrapperTests.swift in Sources */,
				78FF39DB176FB8520B1788FB /* NetworkClientTests.swift in Sources */,
				095689B09DB40C4456C60B42 /* NotificationManagerTests.swift in Sources */,
				819286D1220BF2B80CD711F7 /* PersistenceManagerTests.swift in Sources */,
				76AA6BF02A35B5E7C16EAE21 /* PreferencesManagerTests.swift in Sources */,
				F9F6C90D6DED962CD2918CC6 /* ResourceEnvelopeTests.swift in Sources */,
				9F1038451F2581C3A23B4CA1 /* ReviewTests.swift in Sources */,
				4FF56A98364FE92D9BF9CBBC /* SRSStateMachineTests.swift in Sources */,
				580DE586200D655B67E43D65 /* SubjectTests.swift in Sources */,
				2C5C77AB8CCB88A9760DD3B4 /* SummaryTests.swift in Sources */,
				B9A64D3716F7AF0EE1845FB9 /* SyncManagerTests.swift in Sources */,
				4A7FBEEC533844D2E108B933 /* TestHelpers.swift in Sources */,
				B254C924BAD13272F7A20D48 /* UserTests.swift in Sources */,
				A06834D5DDE76EB8D75BF124 /* WaniKaniAPITests.swift in Sources */,
				C66299A18ACF0FEE041ADE19 /* WaniKaniTests.swift in Sources */,
			);
			runOnlyForDeploymentPostprocessing = 0;
		};
		35252BD7AFA28E9C9DEE7028 /* Sources */ = {
			isa = PBXSourcesBuildPhase;
			buildActionMask = 2147483647;
			files = (
				8FC4B97378BE262EF475B736 /* WaniKaniUITests.swift in Sources */,
				1C625FF3618F55454B6F1317 /* WaniKaniUITestsLaunchTests.swift in Sources */,
			);
			runOnlyForDeploymentPostprocessing = 0;
		};
		D179F19242267CC0003B1391 /* Sources */ = {
			isa = PBXSourcesBuildPhase;
			buildActionMask = 2147483647;
			files = (
				38FE7DF64EE5AEFF5D8F6026 /* AppState.swift in Sources */,
				A7E0489476C8CEFE8880CD61 /* CSSInjector.swift in Sources */,
				2935384119DB6EEDF7BD3081 /* Config.swift in Sources */,
				682C586E1FF929E8681B42AB /* ContentView.swift in Sources */,
				24D573A79A4B3430B2439E1C /* DashboardWebView.swift in Sources */,
				7C1ACE1C9E3AF8BEE8DA8D05 /* ForumsWebView.swift in Sources */,
				C06A04215C8BD17AD2FFBAF6 /* HybridRootView.swift in Sources */,
				EBAC7F07F5CC10C8D095DBCE /* LessonsWebView.swift in Sources */,
				765143DD9112B00AE8133588 /* LoginWebView.swift in Sources */,
				8ADAB45B81156C6AFAE8C0EB /* MarketplaceViewModel.swift in Sources */,
				7A05A034E5D3EF8995DEEC45 /* MarketplaceWebView.swift in Sources */,
				C07B7F59E21A73C7BC423730 /* NativeDashboardView.swift in Sources */,
				99033C418EFC604074CACCFA /* NativeDashboardViewModel.swift in Sources */,
				F951F586F4552ACE089F94F4 /* NativeLessonsView.swift in Sources */,
				8C7B66638032D4FCF1177B21 /* NativeLessonsViewModel.swift in Sources */,
				4228AF94EA699C228F3F8313 /* NativeReviewsView.swift in Sources */,
				FE2744981808FDEB2A47F30F /* NativeReviewsViewModel.swift in Sources */,
				37A470789033246FAB1C6EED /* NativeRootView.swift in Sources */,
				640DEA3887182A757F8D9058 /* OfflineHandler.swift in Sources */,
				D1003E7B52DFE17E6A3C6771 /* ReviewsWebView.swift in Sources */,
				6D0804B66F7904701261021E /* ScriptInjector.swift in Sources */,
				801BAADA11DD0C00BAC24114 /* StatisticsWebView.swift in Sources */,
				20393497078F7C31A958C1A6 /* WaniKaniApp.swift in Sources */,
				E9584A5100D6B5DB012225C5 /* WaniKaniWebView.swift in Sources */,
				5195D7B88DB57DA56644F93B /* WebViewContainer.swift in Sources */,
				DE86FBB26BE2ACD5A80B9BFB /* WebViewController.swift in Sources */,
				7FF8F4DAA6E705F8CDEC1171 /* WebViewRootView.swift in Sources */,
			);
			runOnlyForDeploymentPostprocessing = 0;
		};
/* End PBXSourcesBuildPhase section */

/* Begin PBXTargetDependency section */
		0F4D76CA465E9237CFFD346E /* PBXTargetDependency */ = {
			isa = PBXTargetDependency;
			target = F66DF82C7213FC06E2CE5BF9 /* WaniKaniCore */;
			targetProxy = 72CB920FD71559663D390F33 /* PBXContainerItemProxy */;
		};
		60CB5A59E359DCB8922050ED /* PBXTargetDependency */ = {
			isa = PBXTargetDependency;
			target = F66DF82C7213FC06E2CE5BF9 /* WaniKaniCore */;
			targetProxy = D39A95C89454D0D1B4353B76 /* PBXContainerItemProxy */;
		};
		9518A36B35A87F0A09B1B5E4 /* PBXTargetDependency */ = {
			isa = PBXTargetDependency;
			target = A5535FF14D63EE871C207965 /* WaniKani */;
			targetProxy = 589F6FE114CAE78E55C01613 /* PBXContainerItemProxy */;
		};
		A171E822368AF09E6CA069C5 /* PBXTargetDependency */ = {
			isa = PBXTargetDependency;
			target = A5535FF14D63EE871C207965 /* WaniKani */;
			targetProxy = F1CF3292561C93C4BE223D56 /* PBXContainerItemProxy */;
		};
/* End PBXTargetDependency section */

/* Begin XCBuildConfiguration section */
		60EABAA5754470B19D23D23C /* Release */ = {
			isa = XCBuildConfiguration;
			buildSettings = {
				BUNDLE_LOADER = "$(TEST_HOST)";
				GENERATE_INFOPLIST_FILE = YES;
				INFOPLIST_GENERATION_MODE = GeneratedFile;
				LD_RUNPATH_SEARCH_PATHS = (
					"$(inherited)",
					"@executable_path/Frameworks",
					"@loader_path/Frameworks",
				);
				PRODUCT_BUNDLE_IDENTIFIER = com.angansamadder.wanikani.uitests;
				SDKROOT = iphoneos;
				TARGETED_DEVICE_FAMILY = "1,2";
				TEST_TARGET_NAME = WaniKani;
			};
			name = Release;
		};
		62C537E274F36941FE346F08 /* Debug */ = {
			isa = XCBuildConfiguration;
			buildSettings = {
				CODE_SIGN_IDENTITY = "";
				CURRENT_PROJECT_VERSION = 1;
				DEFINES_MODULE = YES;
				DYLIB_COMPATIBILITY_VERSION = 1;
				DYLIB_CURRENT_VERSION = 1;
				DYLIB_INSTALL_NAME_BASE = "@rpath";
				GENERATE_INFOPLIST_FILE = YES;
				INFOPLIST_GENERATION_MODE = GeneratedFile;
				INSTALL_PATH = "$(LOCAL_LIBRARY_DIR)/Frameworks";
				LD_RUNPATH_SEARCH_PATHS = (
					"$(inherited)",
					"@executable_path/Frameworks",
				);
				MARKETING_VERSION = 1.0;
				PRODUCT_BUNDLE_IDENTIFIER = com.angansamadder.wanikani.core;
				SDKROOT = iphoneos;
				SKIP_INSTALL = YES;
				TARGETED_DEVICE_FAMILY = "1,2";
				VERSIONING_SYSTEM = "apple-generic";
			};
			name = Debug;
		};
		6B8D8E24DA1070AD0ED7F556 /* Release */ = {
			isa = XCBuildConfiguration;
			buildSettings = {
				ASSETCATALOG_COMPILER_APPICON_NAME = AppIcon;
				ASSETCATALOG_COMPILER_GLOBAL_ACCENT_COLOR_NAME = AccentColor;
				CODE_SIGNING_REQUIRED = NO;
				CODE_SIGN_IDENTITY = "";
				CURRENT_PROJECT_VERSION = 1;
				ENABLE_PREVIEWS = YES;
				GENERATE_INFOPLIST_FILE = YES;
				INFOPLIST_GENERATION_MODE = GeneratedFile;
				LD_RUNPATH_SEARCH_PATHS = (
					"$(inherited)",
					"@executable_path/Frameworks",
				);
				MARKETING_VERSION = 1.0;
				PRODUCT_BUNDLE_IDENTIFIER = com.angansamadder.wanikani;
				SDKROOT = iphoneos;
				SWIFT_EMIT_LOC_STRINGS = YES;
				TARGETED_DEVICE_FAMILY = "1,2";
			};
			name = Release;
		};
		6C4BC62F058E4FE28BC3DE74 /* Release */ = {
			isa = XCBuildConfiguration;
			buildSettings = {
				BUNDLE_LOADER = "$(TEST_HOST)";
				GENERATE_INFOPLIST_FILE = YES;
				INFOPLIST_GENERATION_MODE = GeneratedFile;
				LD_RUNPATH_SEARCH_PATHS = (
					"$(inherited)",
					"@executable_path/Frameworks",
					"@loader_path/Frameworks",
				);
				PRODUCT_BUNDLE_IDENTIFIER = com.angansamadder.wanikani.tests;
				SDKROOT = iphoneos;
				TARGETED_DEVICE_FAMILY = "1,2";
				TEST_HOST = "$(BUILT_PRODUCTS_DIR)/WaniKani.app/$(BUNDLE_EXECUTABLE_FOLDER_PATH)/WaniKani";
			};
			name = Release;
		};
		76B02164B5D39708A5E636B5 /* Debug */ = {
			isa = XCBuildConfiguration;
			buildSettings = {
				BUNDLE_LOADER = "$(TEST_HOST)";
				GENERATE_INFOPLIST_FILE = YES;
				INFOPLIST_GENERATION_MODE = GeneratedFile;
				LD_RUNPATH_SEARCH_PATHS = (
					"$(inherited)",
					"@executable_path/Frameworks",
					"@loader_path/Frameworks",
				);
				PRODUCT_BUNDLE_IDENTIFIER = com.angansamadder.wanikani.uitests;
				SDKROOT = iphoneos;
				TARGETED_DEVICE_FAMILY = "1,2";
				TEST_TARGET_NAME = WaniKani;
			};
			name = Debug;
		};
		7BA614326B4DA4EDD81BC36A /* Release */ = {
			isa = XCBuildConfiguration;
			buildSettings = {
				CODE_SIGN_IDENTITY = "";
				CURRENT_PROJECT_VERSION = 1;
				DEFINES_MODULE = YES;
				DYLIB_COMPATIBILITY_VERSION = 1;
				DYLIB_CURRENT_VERSION = 1;
				DYLIB_INSTALL_NAME_BASE = "@rpath";
				GENERATE_INFOPLIST_FILE = YES;
				INFOPLIST_GENERATION_MODE = GeneratedFile;
				INSTALL_PATH = "$(LOCAL_LIBRARY_DIR)/Frameworks";
				LD_RUNPATH_SEARCH_PATHS = (
					"$(inherited)",
					"@executable_path/Frameworks",
				);
				MARKETING_VERSION = 1.0;
				PRODUCT_BUNDLE_IDENTIFIER = com.angansamadder.wanikani.core;
				SDKROOT = iphoneos;
				SKIP_INSTALL = YES;
				TARGETED_DEVICE_FAMILY = "1,2";
				VERSIONING_SYSTEM = "apple-generic";
			};
			name = Release;
		};
		B53EBF552FD4A2A03E9AA184 /* Debug */ = {
			isa = XCBuildConfiguration;
			buildSettings = {
				BUNDLE_LOADER = "$(TEST_HOST)";
				GENERATE_INFOPLIST_FILE = YES;
				INFOPLIST_GENERATION_MODE = GeneratedFile;
				LD_RUNPATH_SEARCH_PATHS = (
					"$(inherited)",
					"@executable_path/Frameworks",
					"@loader_path/Frameworks",
				);
				PRODUCT_BUNDLE_IDENTIFIER = com.angansamadder.wanikani.tests;
				SDKROOT = iphoneos;
				TARGETED_DEVICE_FAMILY = "1,2";
				TEST_HOST = "$(BUILT_PRODUCTS_DIR)/WaniKani.app/$(BUNDLE_EXECUTABLE_FOLDER_PATH)/WaniKani";
			};
			name = Debug;
		};
		C535571D0190D0CB2A671298 /* Release */ = {
			isa = XCBuildConfiguration;
			buildSettings = {
				ALWAYS_SEARCH_USER_PATHS = NO;
				CLANG_ANALYZER_NONNULL = YES;
				CLANG_ANALYZER_NUMBER_OBJECT_CONVERSION = YES_AGGRESSIVE;
				CLANG_CXX_LANGUAGE_STANDARD = "gnu++14";
				CLANG_CXX_LIBRARY = "libc++";
				CLANG_ENABLE_MODULES = YES;
				CLANG_ENABLE_OBJC_ARC = YES;
				CLANG_ENABLE_OBJC_WEAK = YES;
				CLANG_WARN_BLOCK_CAPTURE_AUTORELEASING = YES;
				CLANG_WARN_BOOL_CONVERSION = YES;
				CLANG_WARN_COMMA = YES;
				CLANG_WARN_CONSTANT_CONVERSION = YES;
				CLANG_WARN_DEPRECATED_OBJC_IMPLEMENTATIONS = YES;
				CLANG_WARN_DIRECT_OBJC_ISA_USAGE = YES_ERROR;
				CLANG_WARN_DOCUMENTATION_COMMENTS = YES;
				CLANG_WARN_EMPTY_BODY = YES;
				CLANG_WARN_ENUM_CONVERSION = YES;
				CLANG_WARN_INFINITE_RECURSION = YES;
				CLANG_WARN_INT_CONVERSION = YES;
				CLANG_WARN_NON_LITERAL_NULL_CONVERSION = YES;
				CLANG_WARN_OBJC_IMPLICIT_RETAIN_SELF = YES;
				CLANG_WARN_OBJC_LITERAL_CONVERSION = YES;
				CLANG_WARN_OBJC_ROOT_CLASS = YES_ERROR;
				CLANG_WARN_QUOTED_INCLUDE_IN_FRAMEWORK_HEADER = YES;
				CLANG_WARN_RANGE_LOOP_ANALYSIS = YES;
				CLANG_WARN_STRICT_PROTOTYPES = YES;
				CLANG_WARN_SUSPICIOUS_MOVE = YES;
				CLANG_WARN_UNGUARDED_AVAILABILITY = YES_AGGRESSIVE;
				CLANG_WARN_UNREACHABLE_CODE = YES;
				CLANG_WARN__DUPLICATE_METHOD_MATCH = YES;
				COPY_PHASE_STRIP = NO;
				DEBUG_INFORMATION_FORMAT = "dwarf-with-dsym";
				ENABLE_NS_ASSERTIONS = NO;
				ENABLE_STRICT_OBJC_MSGSEND = YES;
				GCC_C_LANGUAGE_STANDARD = gnu11;
				GCC_NO_COMMON_BLOCKS = YES;
				GCC_WARN_64_TO_32_BIT_CONVERSION = YES;
				GCC_WARN_ABOUT_RETURN_TYPE = YES_ERROR;
				GCC_WARN_UNDECLARED_SELECTOR = YES;
				GCC_WARN_UNINITIALIZED_AUTOS = YES_AGGRESSIVE;
				GCC_WARN_UNUSED_FUNCTION = YES;
				GCC_WARN_UNUSED_VARIABLE = YES;
				IPHONEOS_DEPLOYMENT_TARGET = 17.0;
				MTL_ENABLE_DEBUG_INFO = NO;
				MTL_FAST_MATH = YES;
				PRODUCT_NAME = "$(TARGET_NAME)";
				SDKROOT = iphoneos;
				SWIFT_COMPILATION_MODE = wholemodule;
				SWIFT_OPTIMIZATION_LEVEL = "-O";
				SWIFT_VERSION = 5.0;
			};
			name = Release;
		};
		EF068FC882E22E32671B5CAC /* Debug */ = {
			isa = XCBuildConfiguration;
			buildSettings = {
				ALWAYS_SEARCH_USER_PATHS = NO;
				CLANG_ANALYZER_NONNULL = YES;
				CLANG_ANALYZER_NUMBER_OBJECT_CONVERSION = YES_AGGRESSIVE;
				CLANG_CXX_LANGUAGE_STANDARD = "gnu++14";
				CLANG_CXX_LIBRARY = "libc++";
				CLANG_ENABLE_MODULES = YES;
				CLANG_ENABLE_OBJC_ARC = YES;
				CLANG_ENABLE_OBJC_WEAK = YES;
				CLANG_WARN_BLOCK_CAPTURE_AUTORELEASING = YES;
				CLANG_WARN_BOOL_CONVERSION = YES;
				CLANG_WARN_COMMA = YES;
				CLANG_WARN_CONSTANT_CONVERSION = YES;
				CLANG_WARN_DEPRECATED_OBJC_IMPLEMENTATIONS = YES;
				CLANG_WARN_DIRECT_OBJC_ISA_USAGE = YES_ERROR;
				CLANG_WARN_DOCUMENTATION_COMMENTS = YES;
				CLANG_WARN_EMPTY_BODY = YES;
				CLANG_WARN_ENUM_CONVERSION = YES;
				CLANG_WARN_INFINITE_RECURSION = YES;
				CLANG_WARN_INT_CONVERSION = YES;
				CLANG_WARN_NON_LITERAL_NULL_CONVERSION = YES;
				CLANG_WARN_OBJC_IMPLICIT_RETAIN_SELF = YES;
				CLANG_WARN_OBJC_LITERAL_CONVERSION = YES;
				CLANG_WARN_OBJC_ROOT_CLASS = YES_ERROR;
				CLANG_WARN_QUOTED_INCLUDE_IN_FRAMEWORK_HEADER = YES;
				CLANG_WARN_RANGE_LOOP_ANALYSIS = YES;
				CLANG_WARN_STRICT_PROTOTYPES = YES;
				CLANG_WARN_SUSPICIOUS_MOVE = YES;
				CLANG_WARN_UNGUARDED_AVAILABILITY = YES_AGGRESSIVE;
				CLANG_WARN_UNREACHABLE_CODE = YES;
				CLANG_WARN__DUPLICATE_METHOD_MATCH = YES;
				COPY_PHASE_STRIP = NO;
				DEBUG_INFORMATION_FORMAT = dwarf;
				ENABLE_STRICT_OBJC_MSGSEND = YES;
				ENABLE_TESTABILITY = YES;
				GCC_C_LANGUAGE_STANDARD = gnu11;
				GCC_DYNAMIC_NO_PIC = NO;
				GCC_NO_COMMON_BLOCKS = YES;
				GCC_OPTIMIZATION_LEVEL = 0;
				GCC_PREPROCESSOR_DEFINITIONS = (
					"$(inherited)",
					"DEBUG=1",
				);
				GCC_WARN_64_TO_32_BIT_CONVERSION = YES;
				GCC_WARN_ABOUT_RETURN_TYPE = YES_ERROR;
				GCC_WARN_UNDECLARED_SELECTOR = YES;
				GCC_WARN_UNINITIALIZED_AUTOS = YES_AGGRESSIVE;
				GCC_WARN_UNUSED_FUNCTION = YES;
				GCC_WARN_UNUSED_VARIABLE = YES;
				IPHONEOS_DEPLOYMENT_TARGET = 17.0;
				MTL_ENABLE_DEBUG_INFO = INCLUDE_SOURCE;
				MTL_FAST_MATH = YES;
				ONLY_ACTIVE_ARCH = YES;
				PRODUCT_NAME = "$(TARGET_NAME)";
				SDKROOT = iphoneos;
				SWIFT_ACTIVE_COMPILATION_CONDITIONS = DEBUG;
				SWIFT_OPTIMIZATION_LEVEL = "-Onone";
				SWIFT_VERSION = 5.0;
			};
			name = Debug;
		};
		F50449F9304501ACA022E65D /* Debug */ = {
			isa = XCBuildConfiguration;
			buildSettings = {
				ASSETCATALOG_COMPILER_APPICON_NAME = AppIcon;
				ASSETCATALOG_COMPILER_GLOBAL_ACCENT_COLOR_NAME = AccentColor;
				CODE_SIGNING_REQUIRED = NO;
				CODE_SIGN_IDENTITY = "";
				CURRENT_PROJECT_VERSION = 1;
				ENABLE_PREVIEWS = YES;
				GENERATE_INFOPLIST_FILE = YES;
				INFOPLIST_GENERATION_MODE = GeneratedFile;
				LD_RUNPATH_SEARCH_PATHS = (
					"$(inherited)",
					"@executable_path/Frameworks",
				);
				MARKETING_VERSION = 1.0;
				PRODUCT_BUNDLE_IDENTIFIER = com.angansamadder.wanikani;
				SDKROOT = iphoneos;
				SWIFT_EMIT_LOC_STRINGS = YES;
				TARGETED_DEVICE_FAMILY = "1,2";
			};
			name = Debug;
		};
/* End XCBuildConfiguration section */

/* Begin XCConfigurationList section */
		477EABE015B017BA2FAADC5E /* Build configuration list for PBXNativeTarget "WaniKaniTests" */ = {
			isa = XCConfigurationList;
			buildConfigurations = (
				B53EBF552FD4A2A03E9AA184 /* Debug */,
				6C4BC62F058E4FE28BC3DE74 /* Release */,
			);
			defaultConfigurationIsVisible = 0;
			defaultConfigurationName = Debug;
		};
		688057F0B7FF0D94ABED8C49 /* Build configuration list for PBXProject "WaniKani" */ = {
			isa = XCConfigurationList;
			buildConfigurations = (
				EF068FC882E22E32671B5CAC /* Debug */,
				C535571D0190D0CB2A671298 /* Release */,
			);
			defaultConfigurationIsVisible = 0;
			defaultConfigurationName = Debug;
		};
		AF9F66A84F394C5E39166A3A /* Build configuration list for PBXNativeTarget "WaniKaniCore" */ = {
			isa = XCConfigurationList;
			buildConfigurations = (
				62C537E274F36941FE346F08 /* Debug */,
				7BA614326B4DA4EDD81BC36A /* Release */,
			);
			defaultConfigurationIsVisible = 0;
			defaultConfigurationName = Debug;
		};
		D26F3568B2A058A6CDEB83F2 /* Build configuration list for PBXNativeTarget "WaniKani" */ = {
			isa = XCConfigurationList;
			buildConfigurations = (
				F50449F9304501ACA022E65D /* Debug */,
				6B8D8E24DA1070AD0ED7F556 /* Release */,
			);
			defaultConfigurationIsVisible = 0;
			defaultConfigurationName = Debug;
		};
		FDBA4652FAE708D670D541AC /* Build configuration list for PBXNativeTarget "WaniKaniUITests" */ = {
			isa = XCConfigurationList;
			buildConfigurations = (
				76B02164B5D39708A5E636B5 /* Debug */,
				60EABAA5754470B19D23D23C /* Release */,
			);
			defaultConfigurationIsVisible = 0;
			defaultConfigurationName = Debug;
		};
/* End XCConfigurationList section */
	};
	rootObject = 9527F3F7C43C8593E12ECAD8 /* Project object */;
}
